devDependencies:
  cross-env: 7.0.0
  typescript: 3.8.3
lockfileVersion: 5.1
packages:
  /cross-env/7.0.0:
    dependencies:
      cross-spawn: 7.0.1
    dev: true
    engines:
      node: '>=10.14'
      npm: '>=6'
      yarn: '>=1'
    hasBin: true
    resolution:
      integrity: sha512-rV6M9ldNgmwP7bx5u6rZsTbYidzwvrwIYZnT08hSGLcQCcggofgFW+sNe7IhA1SRauPS0QuLbbX+wdNtpqE5CQ==
  /cross-spawn/7.0.1:
    dependencies:
      path-key: 3.1.1
      shebang-command: 2.0.0
      which: 2.0.2
    dev: true
    engines:
      node: '>= 8'
    resolution:
      integrity: sha512-u7v4o84SwFpD32Z8IIcPZ6z1/ie24O6RU3RbtL5Y316l3KuHVPx9ItBgWQ6VlfAFnRnTtMUrsQ9MUUTuEZjogg==
  /isexe/2.0.0:
    dev: true
    resolution:
      integrity: sha1-6PvzdNxVb/iUehDcsFctYz8s+hA=
  /path-key/3.1.1:
    dev: true
    engines:
      node: '>=8'
    resolution:
      integrity: sha512-ojmeN0qd+y0jszEtoY48r0Peq5dwMEkIlCOu6Q5f41lfkswXuKtYrhgoTpLnyIcHm24Uhqx+5Tqm2InSwLhE6Q==
  /shebang-command/2.0.0:
    dependencies:
      shebang-regex: 3.0.0
    dev: true
    engines:
      node: '>=8'
    resolution:
      integrity: sha512-kHxr2zZpYtdmrN1qDjrrX/Z1rR1kG8Dx+gkpK1G4eXmvXswmcE1hTWBWYUzlraYw1/yZp6YuDY77YtvbN0dmDA==
  /shebang-regex/3.0.0:
    dev: true
    engines:
      node: '>=8'
    resolution:
      integrity: sha512-7++dFhtcx3353uBaq8DDR4NuxBetBzC7ZQOhmTQInHEd6bSrXdiEyzCvG07Z44UYdLShWUyXt5M/yhz8ekcb1A==
  /typescript/3.8.3:
    dev: true
    engines:
      node: '>=4.2.0'
    hasBin: true
    resolution:
      integrity: sha512-MYlEfn5VrLNsgudQTVJeNaQFUAI7DkhnOjdpAp4T+ku1TfQClewlbSuTVHiA+8skNBgaf02TL/kLOvig4y3G8w==
  /which/2.0.2:
    dependencies:
      isexe: 2.0.0
    dev: true
    engines:
      node: '>= 8'
    hasBin: true
    resolution:
      integrity: sha512-BLI3Tl1TW3Pvl70l3yq3Y64i+awpwXqsGBYWkkqMtnbXgrMD+yj7rhW0kuEDxzJaYXGjEW5ogapKNMEKNMjibA==
specifiers:
  cross-env: ^7.0.0
  typescript: ^3.8.3
